
Microsoft Visual Studio Solution File, Format Version 12.00
# Visual Studio Version 16
VisualStudioVersion = 16.0.31005.135
MinimumVisualStudioVersion = 10.0.40219.1
Project("{FAE04EC0-301F-11D3-BF4B-00C04F79EFBC}") = "MimicAPI", "MimicAPI.csproj", "{EAD0E02B-060B-4521-99C9-8C7790DB72EE}"
EndProject
Global
	GlobalSection(SolutionConfigurationPlatforms) = preSolution
		Debug|Any CPU = Debug|Any CPU
		Release|Any CPU = Release|Any CPU
	EndGlobalSection
	GlobalSection(ProjectConfigurationPlatforms) = postSolution
		{EAD0E02B-060B-4521-99C9-8C7790DB72EE}.Debug|Any CPU.ActiveCfg = Debug|Any CPU
		{EAD0E02B-060B-4521-99C9-8C7790DB72EE}.Debug|Any CPU.Build.0 = Debug|Any CPU
		{EAD0E02B-060B-4521-99C9-8C7790DB72EE}.Release|Any CPU.ActiveCfg = Release|Any CPU
		{EAD0E02B-060B-4521-99C9-8C7790DB72EE}.Release|Any CPU.Build.0 = Release|Any CPU
	EndGlobalSection
	GlobalSection(SolutionProperties) = preSolution
		HideSolutionNode = FALSE
	EndGlobalSection
	GlobalSection(ExtensibilityGlobals) = postSolution
		SolutionGuid = {43CFB000-3F38-4511-A058-77800004FEFC}
	EndGlobalSection
EndGlobal
